
Microsoft Visual Studio Solution File, Format Version 12.00
# Visual Studio Version 17
VisualStudioVersion = 17.9.34701.34
MinimumVisualStudioVersion = 10.0.40219.1
Project("{FAE04EC0-301F-11D3-BF4B-00C04F79EFBC}") = "NSGA-II", "NSGA-II.csproj", "{D6BF6FC4-A228-432F-A100-4E04E3ADD3EA}"
EndProject
Global
	GlobalSection(SolutionConfigurationPlatforms) = preSolution
		Debug|Any CPU = Debug|Any CPU
		Release|Any CPU = Release|Any CPU
	EndGlobalSection
	GlobalSection(ProjectConfigurationPlatforms) = postSolution
		{D6BF6FC4-A228-432F-A100-4E04E3ADD3EA}.Debug|Any CPU.ActiveCfg = Debug|Any CPU
		{D6BF6FC4-A228-432F-A100-4E04E3ADD3EA}.Debug|Any CPU.Build.0 = Debug|Any CPU
		{D6BF6FC4-A228-432F-A100-4E04E3ADD3EA}.Release|Any CPU.ActiveCfg = Release|Any CPU
		{D6BF6FC4-A228-432F-A100-4E04E3ADD3EA}.Release|Any CPU.Build.0 = Release|Any CPU
	EndGlobalSection
	GlobalSection(SolutionProperties) = preSolution
		HideSolutionNode = FALSE
	EndGlobalSection
	GlobalSection(ExtensibilityGlobals) = postSolution
		SolutionGuid = {4FB2A925-E2D3-4EBD-8ED5-40B500090227}
	EndGlobalSection
EndGlobal
